
Microsoft Visual Studio Solution File, Format Version 12.00
# Visual Studio 2012
Project("{FAE04EC0-301F-11D3-BF4B-00C04F79EFBC}") = "Лаб.1", "Лаб.1\Лаб.1.csproj", "{D3684E74-19B2-4541-B626-6291B7B6E952}"
EndProject
Project("{FAE04EC0-301F-11D3-BF4B-00C04F79EFBC}") = "Лаб.2", "Лаб.2\Лаб.2.csproj", "{FF310D26-B522-4F0C-92E3-5DBA47937241}"
EndProject
Project("{FAE04EC0-301F-11D3-BF4B-00C04F79EFBC}") = "lab3", "lab3\lab3.csproj", "{02ECE77D-196D-44C4-B60A-79B719F797A7}"
EndProject
Project("{FAE04EC0-301F-11D3-BF4B-00C04F79EFBC}") = "lab4", "lab4\lab4.csproj", "{DE0D03C1-06FC-43A4-A001-50EB217E2006}"
EndProject
Project("{FAE04EC0-301F-11D3-BF4B-00C04F79EFBC}") = "lab5", "lab5\lab5.csproj", "{395166D6-E6B2-4911-A5BA-466194BD4FD0}"
EndProject
Project("{FAE04EC0-301F-11D3-BF4B-00C04F79EFBC}") = "DZ", "DZ\DZ.csproj", "{F5BEA654-DF1E-4872-AF3B-4B32B769C30C}"
EndProject
Project("{FAE04EC0-301F-11D3-BF4B-00C04F79EFBC}") = "lab6.1", "lab6.1\lab6.1.csproj", "{3386B76D-E753-4A2E-A3B8-B6E0790BB519}"
EndProject
Project("{FAE04EC0-301F-11D3-BF4B-00C04F79EFBC}") = "lab6.2", "lab6.2\lab6.2.csproj", "{2FC4AB6D-52F0-4415-B3CD-D53310866073}"
EndProject
Global
	GlobalSection(SolutionConfigurationPlatforms) = preSolution
		Debug|Any CPU = Debug|Any CPU
		Release|Any CPU = Release|Any CPU
	EndGlobalSection
	GlobalSection(ProjectConfigurationPlatforms) = postSolution
		{D3684E74-19B2-4541-B626-6291B7B6E952}.Debug|Any CPU.ActiveCfg = Debug|Any CPU
		{D3684E74-19B2-4541-B626-6291B7B6E952}.Debug|Any CPU.Build.0 = Debug|Any CPU
		{D3684E74-19B2-4541-B626-6291B7B6E952}.Release|Any CPU.ActiveCfg = Release|Any CPU
		{D3684E74-19B2-4541-B626-6291B7B6E952}.Release|Any CPU.Build.0 = Release|Any CPU
		{FF310D26-B522-4F0C-92E3-5DBA47937241}.Debug|Any CPU.ActiveCfg = Debug|Any CPU
		{FF310D26-B522-4F0C-92E3-5DBA47937241}.Debug|Any CPU.Build.0 = Debug|Any CPU
		{FF310D26-B522-4F0C-92E3-5DBA47937241}.Release|Any CPU.ActiveCfg = Release|Any CPU
		{FF310D26-B522-4F0C-92E3-5DBA47937241}.Release|Any CPU.Build.0 = Release|Any CPU
		{02ECE77D-196D-44C4-B60A-79B719F797A7}.Debug|Any CPU.ActiveCfg = Debug|Any CPU
		{02ECE77D-196D-44C4-B60A-79B719F797A7}.Debug|Any CPU.Build.0 = Debug|Any CPU
		{02ECE77D-196D-44C4-B60A-79B719F797A7}.Release|Any CPU.ActiveCfg = Release|Any CPU
		{02ECE77D-196D-44C4-B60A-79B719F797A7}.Release|Any CPU.Build.0 = Release|Any CPU
		{DE0D03C1-06FC-43A4-A001-50EB217E2006}.Debug|Any CPU.ActiveCfg = Debug|Any CPU
		{DE0D03C1-06FC-43A4-A001-50EB217E2006}.Debug|Any CPU.Build.0 = Debug|Any CPU
		{DE0D03C1-06FC-43A4-A001-50EB217E2006}.Release|Any CPU.ActiveCfg = Release|Any CPU
		{DE0D03C1-06FC-43A4-A001-50EB217E2006}.Release|Any CPU.Build.0 = Release|Any CPU
		{395166D6-E6B2-4911-A5BA-466194BD4FD0}.Debug|Any CPU.ActiveCfg = Debug|Any CPU
		{395166D6-E6B2-4911-A5BA-466194BD4FD0}.Debug|Any CPU.Build.0 = Debug|Any CPU
		{395166D6-E6B2-4911-A5BA-466194BD4FD0}.Release|Any CPU.ActiveCfg = Release|Any CPU
		{395166D6-E6B2-4911-A5BA-466194BD4FD0}.Release|Any CPU.Build.0 = Release|Any CPU
		{F5BEA654-DF1E-4872-AF3B-4B32B769C30C}.Debug|Any CPU.ActiveCfg = Debug|Any CPU
		{F5BEA654-DF1E-4872-AF3B-4B32B769C30C}.Debug|Any CPU.Build.0 = Debug|Any CPU
		{F5BEA654-DF1E-4872-AF3B-4B32B769C30C}.Release|Any CPU.ActiveCfg = Release|Any CPU
		{F5BEA654-DF1E-4872-AF3B-4B32B769C30C}.Release|Any CPU.Build.0 = Release|Any CPU
		{3386B76D-E753-4A2E-A3B8-B6E0790BB519}.Debug|Any CPU.ActiveCfg = Debug|Any CPU
		{3386B76D-E753-4A2E-A3B8-B6E0790BB519}.Debug|Any CPU.Build.0 = Debug|Any CPU
		{3386B76D-E753-4A2E-A3B8-B6E0790BB519}.Release|Any CPU.ActiveCfg = Release|Any CPU
		{3386B76D-E753-4A2E-A3B8-B6E0790BB519}.Release|Any CPU.Build.0 = Release|Any CPU
		{2FC4AB6D-52F0-4415-B3CD-D53310866073}.Debug|Any CPU.ActiveCfg = Debug|Any CPU
		{2FC4AB6D-52F0-4415-B3CD-D53310866073}.Debug|Any CPU.Build.0 = Debug|Any CPU
		{2FC4AB6D-52F0-4415-B3CD-D53310866073}.Release|Any CPU.ActiveCfg = Release|Any CPU
		{2FC4AB6D-52F0-4415-B3CD-D53310866073}.Release|Any CPU.Build.0 = Release|Any CPU
	EndGlobalSection
	GlobalSection(SolutionProperties) = preSolution
		HideSolutionNode = FALSE
	EndGlobalSection
EndGlobal
